
Microsoft Visual Studio Solution File, Format Version 12.00
# Visual Studio Version 17
VisualStudioVersion = 17.0.31903.59
MinimumVisualStudioVersion = 10.0.40219.1
Project("{FAE04EC0-301F-11D3-BF4B-00C04F79EFBC}") = "Automotores", "Automotores\Automotores.csproj", "{D86B8B01-076B-4916-BA45-DB6DB06CC107}"
EndProject
Project("{FAE04EC0-301F-11D3-BF4B-00C04F79EFBC}") = "Aplicacion", "Aplicacion\Aplicacion.csproj", "{BEFC6E68-8836-4CEF-8F6B-BBF6FB9C4AEC}"
EndProject
Project("{FAE04EC0-301F-11D3-BF4B-00C04F79EFBC}") = "Figuras", "Figuras\Figuras.csproj", "{15F9AAAD-C1A0-488E-8046-1E51FB24DDB3}"
EndProject
Global
	GlobalSection(SolutionConfigurationPlatforms) = preSolution
		Debug|Any CPU = Debug|Any CPU
		Release|Any CPU = Release|Any CPU
	EndGlobalSection
	GlobalSection(SolutionProperties) = preSolution
		HideSolutionNode = FALSE
	EndGlobalSection
	GlobalSection(ProjectConfigurationPlatforms) = postSolution
		{D86B8B01-076B-4916-BA45-DB6DB06CC107}.Debug|Any CPU.ActiveCfg = Debug|Any CPU
		{D86B8B01-076B-4916-BA45-DB6DB06CC107}.Debug|Any CPU.Build.0 = Debug|Any CPU
		{D86B8B01-076B-4916-BA45-DB6DB06CC107}.Release|Any CPU.ActiveCfg = Release|Any CPU
		{D86B8B01-076B-4916-BA45-DB6DB06CC107}.Release|Any CPU.Build.0 = Release|Any CPU
		{BEFC6E68-8836-4CEF-8F6B-BBF6FB9C4AEC}.Debug|Any CPU.ActiveCfg = Debug|Any CPU
		{BEFC6E68-8836-4CEF-8F6B-BBF6FB9C4AEC}.Debug|Any CPU.Build.0 = Debug|Any CPU
		{BEFC6E68-8836-4CEF-8F6B-BBF6FB9C4AEC}.Release|Any CPU.ActiveCfg = Release|Any CPU
		{BEFC6E68-8836-4CEF-8F6B-BBF6FB9C4AEC}.Release|Any CPU.Build.0 = Release|Any CPU
		{15F9AAAD-C1A0-488E-8046-1E51FB24DDB3}.Debug|Any CPU.ActiveCfg = Debug|Any CPU
		{15F9AAAD-C1A0-488E-8046-1E51FB24DDB3}.Debug|Any CPU.Build.0 = Debug|Any CPU
		{15F9AAAD-C1A0-488E-8046-1E51FB24DDB3}.Release|Any CPU.ActiveCfg = Release|Any CPU
		{15F9AAAD-C1A0-488E-8046-1E51FB24DDB3}.Release|Any CPU.Build.0 = Release|Any CPU
	EndGlobalSection
EndGlobal
